{
  "nodes": {
    "fenix": {
      "inputs": {
        "nixpkgs": [
          "nixpkgs"
        ],
        "rust-analyzer-src": "rust-analyzer-src"
      },
      "locked": {
        "lastModified": 1709187724,
        "narHash": "sha256-GIBY2kPgUMCQkLH9bJ6uEe8Cva3Rfgesgat6TybRdAs=",
        "owner": "nix-community",
        "repo": "fenix",
        "rev": "b0b12d2f0382954e6ab074044658a429073e01c8",
        "type": "github"
      },
      "original": {
        "owner": "nix-community",
        "repo": "fenix",
        "type": "github"
      }
    },
    "home-manager": {
      "inputs": {
        "nixpkgs": [
          "nixpkgs"
        ]
      },
      "locked": {
        "lastModified": 1709204054,
        "narHash": "sha256-U1idK0JHs1XOfSI1APYuXi4AEADf+B+ZU4Wifc0pBHk=",
        "owner": "nix-community",
        "repo": "home-manager",
        "rev": "2f3367769a93b226c467551315e9e270c3f78b15",
        "type": "github"
      },
      "original": {
        "owner": "nix-community",
        "repo": "home-manager",
        "type": "github"
      }
    },
    "nixpkgs": {
      "locked": {
        "lastModified": 1709150264,
        "narHash": "sha256-HofykKuisObPUfj0E9CJVfaMhawXkYx3G8UIFR/XQ38=",
        "owner": "nixos",
        "repo": "nixpkgs",
        "rev": "9099616b93301d5cf84274b184a3a5ec69e94e08",
        "type": "github"
      },
      "original": {
        "owner": "nixos",
        "ref": "nixos-unstable",
        "repo": "nixpkgs",
        "type": "github"
      }
    },
    "root": {
      "inputs": {
        "fenix": "fenix",
        "home-manager": "home-manager",
        "nixpkgs": "nixpkgs"
      }
    },
    "rust-analyzer-src": {
      "flake": false,
      "locked": {
        "lastModified": 1709057983,
        "narHash": "sha256-ZwIAbq4qRR6Kfdmq9P9/Siieebe2R9dkwTvppsK3oSM=",
        "owner": "rust-lang",
        "repo": "rust-analyzer",
        "rev": "0ac05c05271f31c43d31017cbd288e8737a0edb0",
        "type": "github"
      },
      "original": {
        "owner": "rust-lang",
        "ref": "nightly",
        "repo": "rust-analyzer",
        "type": "github"
      }
    }
  },
  "root": "root",
  "version": 7
}
